# This file is automatically @generated by Cargo.
# It is not intended for manual editing.
version = 3

[[package]]
name = "company_data_store"
version = "0.0.0"

[[package]]
name = "company_scraper"
version = "0.0.0"

[[package]]
name = "job_applier"
version = "0.0.0"

[[package]]
name = "search_and_apply"
version = "0.0.0"
dependencies = [
 "company_data_store",
 "company_scraper",
 "job_applier",
]
